
Microsoft Visual Studio Solution File, Format Version 12.00
# Visual Studio Version 17
VisualStudioVersion = 17.6.33829.357
MinimumVisualStudioVersion = 10.0.40219.1
Project("{FAE04EC0-301F-11D3-BF4B-00C04F79EFBC}") = "postal-card.Server", "postal-card\Server\postal-card.Server.csproj", "{7DE755D6-ABA0-4EA6-8D21-E9045DCD9417}"
EndProject
Project("{FAE04EC0-301F-11D3-BF4B-00C04F79EFBC}") = "postal-card.Client", "postal-card\Client\postal-card.Client.csproj", "{96AF6025-1A31-4576-940A-A5C603C13915}"
EndProject
Project("{FAE04EC0-301F-11D3-BF4B-00C04F79EFBC}") = "postal-card.Shared", "postal-card\Shared\postal-card.Shared.csproj", "{3ACF84D9-5557-4293-9406-DFD57DB14630}"
EndProject
Global
	GlobalSection(SolutionConfigurationPlatforms) = preSolution
		Debug|Any CPU = Debug|Any CPU
		Release|Any CPU = Release|Any CPU
	EndGlobalSection
	GlobalSection(ProjectConfigurationPlatforms) = postSolution
		{7DE755D6-ABA0-4EA6-8D21-E9045DCD9417}.Debug|Any CPU.ActiveCfg = Debug|Any CPU
		{7DE755D6-ABA0-4EA6-8D21-E9045DCD9417}.Debug|Any CPU.Build.0 = Debug|Any CPU
		{7DE755D6-ABA0-4EA6-8D21-E9045DCD9417}.Release|Any CPU.ActiveCfg = Release|Any CPU
		{7DE755D6-ABA0-4EA6-8D21-E9045DCD9417}.Release|Any CPU.Build.0 = Release|Any CPU
		{96AF6025-1A31-4576-940A-A5C603C13915}.Debug|Any CPU.ActiveCfg = Debug|Any CPU
		{96AF6025-1A31-4576-940A-A5C603C13915}.Debug|Any CPU.Build.0 = Debug|Any CPU
		{96AF6025-1A31-4576-940A-A5C603C13915}.Release|Any CPU.ActiveCfg = Release|Any CPU
		{96AF6025-1A31-4576-940A-A5C603C13915}.Release|Any CPU.Build.0 = Release|Any CPU
		{3ACF84D9-5557-4293-9406-DFD57DB14630}.Debug|Any CPU.ActiveCfg = Debug|Any CPU
		{3ACF84D9-5557-4293-9406-DFD57DB14630}.Debug|Any CPU.Build.0 = Debug|Any CPU
		{3ACF84D9-5557-4293-9406-DFD57DB14630}.Release|Any CPU.ActiveCfg = Release|Any CPU
		{3ACF84D9-5557-4293-9406-DFD57DB14630}.Release|Any CPU.Build.0 = Release|Any CPU
	EndGlobalSection
	GlobalSection(SolutionProperties) = preSolution
		HideSolutionNode = FALSE
	EndGlobalSection
	GlobalSection(ExtensibilityGlobals) = postSolution
		SolutionGuid = {F854FBB3-3505-4323-B558-117E8F194FD7}
	EndGlobalSection
EndGlobal
